
Microsoft Visual Studio Solution File, Format Version 12.00
# Visual Studio Version 16
VisualStudioVersion = 16.0.30804.86
MinimumVisualStudioVersion = 10.0.40219.1
Project("{9A19103F-16F7-4668-BE54-9A1E7A4F7556}") = "opgave9", "opgave9\opgave9.csproj", "{7ADE09B1-9E87-4ACA-B1A8-17BEA626C2A5}"
EndProject
Project("{FAE04EC0-301F-11D3-BF4B-00C04F79EFBC}") = "opgave10", "opgave10\opgave10.csproj", "{873E8594-E9DF-4016-B09F-40923063FC4A}"
EndProject
Global
	GlobalSection(SolutionConfigurationPlatforms) = preSolution
		Debug|Any CPU = Debug|Any CPU
		Release|Any CPU = Release|Any CPU
	EndGlobalSection
	GlobalSection(ProjectConfigurationPlatforms) = postSolution
		{7ADE09B1-9E87-4ACA-B1A8-17BEA626C2A5}.Debug|Any CPU.ActiveCfg = Debug|Any CPU
		{7ADE09B1-9E87-4ACA-B1A8-17BEA626C2A5}.Debug|Any CPU.Build.0 = Debug|Any CPU
		{7ADE09B1-9E87-4ACA-B1A8-17BEA626C2A5}.Release|Any CPU.ActiveCfg = Release|Any CPU
		{7ADE09B1-9E87-4ACA-B1A8-17BEA626C2A5}.Release|Any CPU.Build.0 = Release|Any CPU
		{873E8594-E9DF-4016-B09F-40923063FC4A}.Debug|Any CPU.ActiveCfg = Debug|Any CPU
		{873E8594-E9DF-4016-B09F-40923063FC4A}.Debug|Any CPU.Build.0 = Debug|Any CPU
		{873E8594-E9DF-4016-B09F-40923063FC4A}.Release|Any CPU.ActiveCfg = Release|Any CPU
		{873E8594-E9DF-4016-B09F-40923063FC4A}.Release|Any CPU.Build.0 = Release|Any CPU
	EndGlobalSection
	GlobalSection(SolutionProperties) = preSolution
		HideSolutionNode = FALSE
	EndGlobalSection
	GlobalSection(ExtensibilityGlobals) = postSolution
		SolutionGuid = {BC42B459-4816-4544-902C-31E70F06B6BB}
	EndGlobalSection
EndGlobal
